
Microsoft Visual Studio Solution File, Format Version 12.00
# Visual Studio Version 16
VisualStudioVersion = 16.0.29403.142
MinimumVisualStudioVersion = 10.0.40219.1
Project("{FAE04EC0-301F-11D3-BF4B-00C04F79EFBC}") = "AdvokatHuset", "AdvokatHuset\AdvokatHuset.csproj", "{CE50BC21-5F21-4824-AD63-106E1D31BFE6}"
EndProject
Global
	GlobalSection(SolutionConfigurationPlatforms) = preSolution
		Debug|Any CPU = Debug|Any CPU
		Release|Any CPU = Release|Any CPU
	EndGlobalSection
	GlobalSection(ProjectConfigurationPlatforms) = postSolution
		{CE50BC21-5F21-4824-AD63-106E1D31BFE6}.Debug|Any CPU.ActiveCfg = Debug|Any CPU
		{CE50BC21-5F21-4824-AD63-106E1D31BFE6}.Debug|Any CPU.Build.0 = Debug|Any CPU
		{CE50BC21-5F21-4824-AD63-106E1D31BFE6}.Release|Any CPU.ActiveCfg = Release|Any CPU
		{CE50BC21-5F21-4824-AD63-106E1D31BFE6}.Release|Any CPU.Build.0 = Release|Any CPU
	EndGlobalSection
	GlobalSection(SolutionProperties) = preSolution
		HideSolutionNode = FALSE
	EndGlobalSection
	GlobalSection(ExtensibilityGlobals) = postSolution
		SolutionGuid = {032DB20A-6FC9-4091-B668-FF8BBF83929D}
	EndGlobalSection
EndGlobal
